
Microsoft Visual Studio Solution File, Format Version 12.00
# Visual Studio Version 17
VisualStudioVersion = 17.5.33424.131
MinimumVisualStudioVersion = 10.0.40219.1
Project("{FAE04EC0-301F-11D3-BF4B-00C04F79EFBC}") = "lesson1.Server", "lesson1\Server\lesson1.Server.csproj", "{20ACE19B-70EA-4C14-8ECC-45354D6AEE24}"
EndProject
Project("{FAE04EC0-301F-11D3-BF4B-00C04F79EFBC}") = "lesson1.Client", "lesson1\Client\lesson1.Client.csproj", "{3FAAC7C6-DCAF-4267-BBE6-56A41575DCCC}"
EndProject
Project("{FAE04EC0-301F-11D3-BF4B-00C04F79EFBC}") = "lesson1.Shared", "lesson1\Shared\lesson1.Shared.csproj", "{6B39BFDA-AEC9-4902-914E-8F60CB5AC47E}"
EndProject
Global
	GlobalSection(SolutionConfigurationPlatforms) = preSolution
		Debug|Any CPU = Debug|Any CPU
		Release|Any CPU = Release|Any CPU
	EndGlobalSection
	GlobalSection(ProjectConfigurationPlatforms) = postSolution
		{20ACE19B-70EA-4C14-8ECC-45354D6AEE24}.Debug|Any CPU.ActiveCfg = Debug|Any CPU
		{20ACE19B-70EA-4C14-8ECC-45354D6AEE24}.Debug|Any CPU.Build.0 = Debug|Any CPU
		{20ACE19B-70EA-4C14-8ECC-45354D6AEE24}.Release|Any CPU.ActiveCfg = Release|Any CPU
		{20ACE19B-70EA-4C14-8ECC-45354D6AEE24}.Release|Any CPU.Build.0 = Release|Any CPU
		{3FAAC7C6-DCAF-4267-BBE6-56A41575DCCC}.Debug|Any CPU.ActiveCfg = Debug|Any CPU
		{3FAAC7C6-DCAF-4267-BBE6-56A41575DCCC}.Debug|Any CPU.Build.0 = Debug|Any CPU
		{3FAAC7C6-DCAF-4267-BBE6-56A41575DCCC}.Release|Any CPU.ActiveCfg = Release|Any CPU
		{3FAAC7C6-DCAF-4267-BBE6-56A41575DCCC}.Release|Any CPU.Build.0 = Release|Any CPU
		{6B39BFDA-AEC9-4902-914E-8F60CB5AC47E}.Debug|Any CPU.ActiveCfg = Debug|Any CPU
		{6B39BFDA-AEC9-4902-914E-8F60CB5AC47E}.Debug|Any CPU.Build.0 = Debug|Any CPU
		{6B39BFDA-AEC9-4902-914E-8F60CB5AC47E}.Release|Any CPU.ActiveCfg = Release|Any CPU
		{6B39BFDA-AEC9-4902-914E-8F60CB5AC47E}.Release|Any CPU.Build.0 = Release|Any CPU
	EndGlobalSection
	GlobalSection(SolutionProperties) = preSolution
		HideSolutionNode = FALSE
	EndGlobalSection
	GlobalSection(ExtensibilityGlobals) = postSolution
		SolutionGuid = {B7705CCF-71C7-4200-A336-C3367327A310}
	EndGlobalSection
EndGlobal
